
Microsoft Visual Studio Solution File, Format Version 12.00
# Visual Studio 2015
Project("{FAE04EC0-301F-11D3-BF4B-00C04F79EFBC}") = "AmitScape.CSharp", "AmitScape.CSharp.csproj", "{70C4D860-8891-41B1-53F0-8CF6776AE6DC}"
EndProject
Global
	GlobalSection(SolutionConfigurationPlatforms) = preSolution
		Debug|Any CPU = Debug|Any CPU
		Release|Any CPU = Release|Any CPU
	EndGlobalSection
	GlobalSection(ProjectConfigurationPlatforms) = postSolution
		{70C4D860-8891-41B1-53F0-8CF6776AE6DC}.Debug|Any CPU.ActiveCfg = Debug|Any CPU
		{70C4D860-8891-41B1-53F0-8CF6776AE6DC}.Debug|Any CPU.Build.0 = Debug|Any CPU
		{70C4D860-8891-41B1-53F0-8CF6776AE6DC}.Release|Any CPU.ActiveCfg = Release|Any CPU
		{70C4D860-8891-41B1-53F0-8CF6776AE6DC}.Release|Any CPU.Build.0 = Release|Any CPU
	EndGlobalSection
	GlobalSection(SolutionProperties) = preSolution
		HideSolutionNode = FALSE
	EndGlobalSection
EndGlobal
